<?xml version="1.0" encoding="utf-8"?>
<Project ToolsVersion="4.0" xmlns="http://schemas.microsoft.com/developer/msbuild/2003">
  <ItemGroup>
    <Filter Include="リソース ファイル">
      <UniqueIdentifier>{67DA6AB6-F800-4c08-8B7A-83BB121AAD01}</UniqueIdentifier>
      <Extensions>rc;ico;cur;bmp;dlg;rc2;rct;bin;rgs;gif;jpg;jpeg;jpe;resx;tiff;tif;png;wav;mfcribbon-ms</Extensions>
    </Filter>
    <Filter Include="ソースファイル">
      <UniqueIdentifier>{b81a2f39-7e95-4d24-a7c1-253dd682ca5a}</UniqueIdentifier>
      <Extensions>cpp;c;cc;cxx;c++;cppm;ixx;def;odl;idl;hpj;bat;asm;asmx</Extensions>
    </Filter>
    <Filter Include="ヘッダー ファイル">
      <UniqueIdentifier>{3ea5c34a-c436-4f82-a09d-1c50acc44d96}</UniqueIdentifier>
      <Extensions>h;hh;hpp;hxx;h++;hm;inl;inc;ipp;xsd</Extensions>
    </Filter>
  </ItemGroup>
  <ItemGroup>
    <ClInclude Include="Component.h">
      <Filter>ヘッダー ファイル</Filter>
    </ClInclude>
    <ClInclude Include="GameObject.h">
      <Filter>ヘッダー ファイル</Filter>
    </ClInclude>
    <ClInclude Include="Scene.h">
      <Filter>ヘッダー ファイル</Filter>
    </ClInclude>
    <ClInclude Include="Engine.h">
      <Filter>ヘッダー ファイル</Filter>
    </ClInclude>
    <ClInclude Include="Logger.h">
      <Filter>ヘッダー ファイル</Filter>
    </ClInclude>
  </ItemGroup>
  <ItemGroup>
    <ClCompile Include="GameObject.cpp">
      <Filter>ソースファイル</Filter>
    </ClCompile>
    <ClCompile Include="main.cpp">
      <Filter>ソースファイル</Filter>
    </ClCompile>
    <ClCompile Include="Scene.cpp">
      <Filter>ソースファイル</Filter>
    </ClCompile>
    <ClCompile Include="Engine.cpp">
      <Filter>ソースファイル</Filter>
    </ClCompile>
    <ClCompile Include="Logger.cpp">
      <Filter>ソースファイル</Filter>
    </ClCompile>
  </ItemGroup>
</Project>